// !$*UTF8*$!
{
	archiveVersion = 1;
	classes = {
	};
	objectVersion = 48;
	objects = {

/* Begin PBXBuildFile section */
		986DB2D51FF6313400F35E3F /* TransitionSequence.swift in Sources */ = {isa = PBXBuildFile; fileRef = 986DB2D41FF6313400F35E3F /* TransitionSequence.swift */; };
		98DA105E1FF5587F002797B9 /* AnimationFrame.xib in Resources */ = {isa = PBXBuildFile; fileRef = 98DA105D1FF5587F002797B9 /* AnimationFrame.xib */; };
		98DA10601FF55A54002797B9 /* AnimationFrame.swift in Sources */ = {isa = PBXBuildFile; fileRef = 98DA105F1FF55A54002797B9 /* AnimationFrame.swift */; };
		98EA0B921FF14C2500A553C7 /* AppDelegate.swift in Sources */ = {isa = PBXBuildFile; fileRef = 98EA0B911FF14C2500A553C7 /* AppDelegate.swift */; };
		98EA0B941FF14C2500A553C7 /* ViewController.swift in Sources */ = {isa = PBXBuildFile; fileRef = 98EA0B931FF14C2500A553C7 /* ViewController.swift */; };
		98EA0B971FF14C2500A553C7 /* Main.storyboard in Resources */ = {isa = PBXBuildFile; fileRef = 98EA0B951FF14C2500A553C7 /* Main.storyboard */; };
		98EA0B991FF14C2500A553C7 /* Assets.xcassets in Resources */ = {isa = PBXBuildFile; fileRef = 98EA0B981FF14C2500A553C7 /* Assets.xcassets */; };
		98EA0B9C1FF14C2500A553C7 /* LaunchScreen.storyboard in Resources */ = {isa = PBXBuildFile; fileRef = 98EA0B9A1FF14C2500A553C7 /* LaunchScreen.storyboard */; };
/* End PBXBuildFile section */

/* Begin PBXFileReference section */
		986DB2D41FF6313400F35E3F /* TransitionSequence.swift */ = {isa = PBXFileReference; lastKnownFileType = sourcecode.swift; path = TransitionSequence.swift; sourceTree = "<group>"; };
		98DA105D1FF5587F002797B9 /* AnimationFrame.xib */ = {isa = PBXFileReference; lastKnownFileType = file.xib; path = AnimationFrame.xib; sourceTree = "<group>"; };
		98DA105F1FF55A54002797B9 /* AnimationFrame.swift */ = {isa = PBXFileReference; lastKnownFileType = sourcecode.swift; path = AnimationFrame.swift; sourceTree = "<group>"; };
		98EA0B8E1FF14C2500A553C7 /* Animation.app */ = {isa = PBXFileReference; explicitFileType = wrapper.application; includeInIndex = 0; path = Animation.app; sourceTree = BUILT_PRODUCTS_DIR; };
		98EA0B911FF14C2500A553C7 /* AppDelegate.swift */ = {isa = PBXFileReference; lastKnownFileType = sourcecode.swift; path = AppDelegate.swift; sourceTree = "<group>"; };
		98EA0B931FF14C2500A553C7 /* ViewController.swift */ = {isa = PBXFileReference; lastKnownFileType = sourcecode.swift; path = ViewController.swift; sourceTree = "<group>"; };
		98EA0B961FF14C2500A553C7 /* Base */ = {isa = PBXFileReference; lastKnownFileType = file.storyboard; name = Base; path = Base.lproj/Main.storyboard; sourceTree = "<group>"; };
		98EA0B981FF14C2500A553C7 /* Assets.xcassets */ = {isa = PBXFileReference; lastKnownFileType = folder.assetcatalog; path = Assets.xcassets; sourceTree = "<group>"; };
		98EA0B9B1FF14C2500A553C7 /* Base */ = {isa = PBXFileReference; lastKnownFileType = file.storyboard; name = Base; path = Base.lproj/LaunchScreen.storyboard; sourceTree = "<group>"; };
		98EA0B9D1FF14C2500A553C7 /* Info.plist */ = {isa = PBXFileReference; lastKnownFileType = text.plist.xml; path = Info.plist; sourceTree = "<group>"; };
/* End PBXFileReference section */

/* Begin PBXFrameworksBuildPhase section */
		98EA0B8B1FF14C2500A553C7 /* Frameworks */ = {
			isa = PBXFrameworksBuildPhase;
			buildActionMask = 2147483647;
			files = (
			);
			runOnlyForDeploymentPostprocessing = 0;
		};
/* End PBXFrameworksBuildPhase section */

/* Begin PBXGroup section */
		98EA0B851FF14C2500A553C7 = {
			isa = PBXGroup;
			children = (
				98EA0B901FF14C2500A553C7 /* Animation */,
				98EA0B8F1FF14C2500A553C7 /* Products */,
			);
			sourceTree = "<group>";
		};
		98EA0B8F1FF14C2500A553C7 /* Products */ = {
			isa = PBXGroup;
			children = (
				98EA0B8E1FF14C2500A553C7 /* Animation.app */,
			);
			name = Products;
			sourceTree = "<group>";
		};
		98EA0B901FF14C2500A553C7 /* Animation */ = {
			isa = PBXGroup;
			children = (
				98EA0B911FF14C2500A553C7 /* AppDelegate.swift */,
				98EA0B931FF14C2500A553C7 /* ViewController.swift */,
				98EA0B951FF14C2500A553C7 /* Main.storyboard */,
				98EA0B981FF14C2500A553C7 /* Assets.xcassets */,
				98EA0B9A1FF14C2500A553C7 /* LaunchScreen.storyboard */,
				98EA0B9D1FF14C2500A553C7 /* Info.plist */,
				98DA105D1FF5587F002797B9 /* AnimationFrame.xib */,
				98DA105F1FF55A54002797B9 /* AnimationFrame.swift */,
				986DB2D41FF6313400F35E3F /* TransitionSequence.swift */,
			);
			path = Animation;
			sourceTree = "<group>";
		};
/* End PBXGroup section */

/* Begin PBXNativeTarget section */
		98EA0B8D1FF14C2500A553C7 /* Animation */ = {
			isa = PBXNativeTarget;
			buildConfigurationList = 98EA0BA01FF14C2500A553C7 /* Build configuration list for PBXNativeTarget "Animation" */;
			buildPhases = (
				98EA0B8A1FF14C2500A553C7 /* Sources */,
				98EA0B8B1FF14C2500A553C7 /* Frameworks */,
				98EA0B8C1FF14C2500A553C7 /* Resources */,
			);
			buildRules = (
			);
			dependencies = (
			);
			name = Animation;
			productName = Animation;
			productReference = 98EA0B8E1FF14C2500A553C7 /* Animation.app */;
			productType = "com.apple.product-type.application";
		};
/* End PBXNativeTarget section */

/* Begin PBXProject section */
		98EA0B861FF14C2500A553C7 /* Project object */ = {
			isa = PBXProject;
			attributes = {
				LastSwiftUpdateCheck = 0920;
				LastUpgradeCheck = 0920;
				ORGANIZATIONNAME = Anodsplace;
				TargetAttributes = {
					98EA0B8D1FF14C2500A553C7 = {
						CreatedOnToolsVersion = 9.2;
						ProvisioningStyle = Automatic;
					};
				};
			};
			buildConfigurationList = 98EA0B891FF14C2500A553C7 /* Build configuration list for PBXProject "Animation" */;
			compatibilityVersion = "Xcode 8.0";
			developmentRegion = en;
			hasScannedForEncodings = 0;
			knownRegions = (
				en,
				Base,
			);
			mainGroup = 98EA0B851FF14C2500A553C7;
			productRefGroup = 98EA0B8F1FF14C2500A553C7 /* Products */;
			projectDirPath = "";
			projectRoot = "";
			targets = (
				98EA0B8D1FF14C2500A553C7 /* Animation */,
			);
		};
/* End PBXProject section */

/* Begin PBXResourcesBuildPhase section */
		98EA0B8C1FF14C2500A553C7 /* Resources */ = {
			isa = PBXResourcesBuildPhase;
			buildActionMask = 2147483647;
			files = (
				98EA0B9C1FF14C2500A553C7 /* LaunchScreen.storyboard in Resources */,
				98DA105E1FF5587F002797B9 /* AnimationFrame.xib in Resources */,
				98EA0B991FF14C2500A553C7 /* Assets.xcassets in Resources */,
				98EA0B971FF14C2500A553C7 /* Main.storyboard in Resources */,
			);
			runOnlyForDeploymentPostprocessing = 0;
		};
/* End PBXResourcesBuildPhase section */

/* Begin PBXSourcesBuildPhase section */
		98EA0B8A1FF14C2500A553C7 /* Sources */ = {
			isa = PBXSourcesBuildPhase;
			buildActionMask = 2147483647;
			files = (
				98EA0B941FF14C2500A553C7 /* ViewController.swift in Sources */,
				98DA10601FF55A54002797B9 /* AnimationFrame.swift in Sources */,
				98EA0B921FF14C2500A553C7 /* AppDelegate.swift in Sources */,
				986DB2D51FF6313400F35E3F /* TransitionSequence.swift in Sources */,
			);
			runOnlyForDeploymentPostprocessing = 0;
		};
/* End PBXSourcesBuildPhase section */

/* Begin PBXVariantGroup section */
		98EA0B951FF14C2500A553C7 /* Main.storyboard */ = {
			isa = PBXVariantGroup;
			children = (
				98EA0B961FF14C2500A553C7 /* Base */,
			);
			name = Main.storyboard;
			sourceTree = "<group>";
		};
		98EA0B9A1FF14C2500A553C7 /* LaunchScreen.storyboard */ = {
			isa = PBXVariantGroup;
			children = (
				98EA0B9B1FF14C2500A553C7 /* Base */,
			);
			name = LaunchScreen.storyboard;
			sourceTree = "<group>";
		};
/* End PBXVariantGroup section */

/* Begin XCBuildConfiguration section */
		98EA0B9E1FF14C2500A553C7 /* Debug */ = {
			isa = XCBuildConfiguration;
			buildSettings = {
				ALWAYS_SEARCH_USER_PATHS = NO;
				CLANG_ANALYZER_NONNULL = YES;
				CLANG_ANALYZER_NUMBER_OBJECT_CONVERSION = YES_AGGRESSIVE;
				CLANG_CXX_LANGUAGE_STANDARD = "gnu++14";
				CLANG_CXX_LIBRARY = "libc++";
				CLANG_ENABLE_MODULES = YES;
				CLANG_ENABLE_OBJC_ARC = YES;
				CLANG_WARN_BLOCK_CAPTURE_AUTORELEASING = YES;
				CLANG_WARN_BOOL_CONVERSION = YES;
				CLANG_WARN_COMMA = YES;
				CLANG_WARN_CONSTANT_CONVERSION = YES;
				CLANG_WARN_DIRECT_OBJC_ISA_USAGE = YES_ERROR;
				CLANG_WARN_DOCUMENTATION_COMMENTS = YES;
				CLANG_WARN_EMPTY_BODY = YES;
				CLANG_WARN_ENUM_CONVERSION = YES;
				CLANG_WARN_INFINITE_RECURSION = YES;
				CLANG_WARN_INT_CONVERSION = YES;
				CLANG_WARN_NON_LITERAL_NULL_CONVERSION = YES;
				CLANG_WARN_OBJC_LITERAL_CONVERSION = YES;
				CLANG_WARN_OBJC_ROOT_CLASS = YES_ERROR;
				CLANG_WARN_RANGE_LOOP_ANALYSIS = YES;
				CLANG_WARN_STRICT_PROTOTYPES = YES;
				CLANG_WARN_SUSPICIOUS_MOVE = YES;
				CLANG_WARN_UNGUARDED_AVAILABILITY = YES_AGGRESSIVE;
				CLANG_WARN_UNREACHABLE_CODE = YES;
				CLANG_WARN__DUPLICATE_METHOD_MATCH = YES;
				CODE_SIGN_IDENTITY = "iPhone Developer";
				COPY_PHASE_STRIP = NO;
				DEBUG_INFORMATION_FORMAT = dwarf;
				ENABLE_STRICT_OBJC_MSGSEND = YES;
				ENABLE_TESTABILITY = YES;
				GCC_C_LANGUAGE_STANDARD = gnu11;
				GCC_DYNAMIC_NO_PIC = NO;
				GCC_NO_COMMON_BLOCKS = YES;
				GCC_OPTIMIZATION_LEVEL = 0;
				GCC_PREPROCESSOR_DEFINITIONS = (
					"DEBUG=1",
					"$(inherited)",
				);
				GCC_WARN_64_TO_32_BIT_CONVERSION = YES;
				GCC_WARN_ABOUT_RETURN_TYPE = YES_ERROR;
				GCC_WARN_UNDECLARED_SELECTOR = YES;
				GCC_WARN_UNINITIALIZED_AUTOS = YES_AGGRESSIVE;
				GCC_WARN_UNUSED_FUNCTION = YES;
				GCC_WARN_UNUSED_VARIABLE = YES;
				IPHONEOS_DEPLOYMENT_TARGET = 11.2;
				MTL_ENABLE_DEBUG_INFO = YES;
				ONLY_ACTIVE_ARCH = YES;
				SDKROOT = iphoneos;
				SWIFT_ACTIVE_COMPILATION_CONDITIONS = DEBUG;
				SWIFT_OPTIMIZATION_LEVEL = "-Onone";
			};
			name = Debug;
		};
		98EA0B9F1FF14C2500A553C7 /* Release */ = {
			isa = XCBuildConfiguration;
			buildSettings = {
				ALWAYS_SEARCH_USER_PATHS = NO;
				CLANG_ANALYZER_NONNULL = YES;
				CLANG_ANALYZER_NUMBER_OBJECT_CONVERSION = YES_AGGRESSIVE;
				CLANG_CXX_LANGUAGE_STANDARD = "gnu++14";
				CLANG_CXX_LIBRARY = "libc++";
				CLANG_ENABLE_MODULES = YES;
				CLANG_ENABLE_OBJC_ARC = YES;
				CLANG_WARN_BLOCK_CAPTURE_AUTORELEASING = YES;
				CLANG_WARN_BOOL_CONVERSION = YES;
				CLANG_WARN_COMMA = YES;
				CLANG_WARN_CONSTANT_CONVERSION = YES;
				CLANG_WARN_DIRECT_OBJC_ISA_USAGE = YES_ERROR;
				CLANG_WARN_DOCUMENTATION_COMMENTS = YES;
				CLANG_WARN_EMPTY_BODY = YES;
				CLANG_WARN_ENUM_CONVERSION = YES;
				CLANG_WARN_INFINITE_RECURSION = YES;
				CLANG_WARN_INT_CONVERSION = YES;
				CLANG_WARN_NON_LITERAL_NULL_CONVERSION = YES;
				CLANG_WARN_OBJC_LITERAL_CONVERSION = YES;
				CLANG_WARN_OBJC_ROOT_CLASS = YES_ERROR;
				CLANG_WARN_RANGE_LOOP_ANALYSIS = YES;
				CLANG_WARN_STRICT_PROTOTYPES = YES;
				CLANG_WARN_SUSPICIOUS_MOVE = YES;
				CLANG_WARN_UNGUARDED_AVAILABILITY = YES_AGGRESSIVE;
				CLANG_WARN_UNREACHABLE_CODE = YES;
				CLANG_WARN__DUPLICATE_METHOD_MATCH = YES;
				CODE_SIGN_IDENTITY = "iPhone Developer";
				COPY_PHASE_STRIP = NO;
				DEBUG_INFORMATION_FORMAT = "dwarf-with-dsym";
				ENABLE_NS_ASSERTIONS = NO;
				ENABLE_STRICT_OBJC_MSGSEND = YES;
				GCC_C_LANGUAGE_STANDARD = gnu11;
				GCC_NO_COMMON_BLOCKS = YES;
				GCC_WARN_64_TO_32_BIT_CONVERSION = YES;
				GCC_WARN_ABOUT_RETURN_TYPE = YES_ERROR;
				GCC_WARN_UNDECLARED_SELECTOR = YES;
				GCC_WARN_UNINITIALIZED_AUTOS = YES_AGGRESSIVE;
				GCC_WARN_UNUSED_FUNCTION = YES;
				GCC_WARN_UNUSED_VARIABLE = YES;
				IPHONEOS_DEPLOYMENT_TARGET = 11.2;
				MTL_ENABLE_DEBUG_INFO = NO;
				SDKROOT = iphoneos;
				SWIFT_OPTIMIZATION_LEVEL = "-Owholemodule";
				VALIDATE_PRODUCT = YES;
			};
			name = Release;
		};
		98EA0BA11FF14C2500A553C7 /* Debug */ = {
			isa = XCBuildConfiguration;
			buildSettings = {
				ASSETCATALOG_COMPILER_APPICON_NAME = AppIcon;
				CODE_SIGN_STYLE = Automatic;
				DEVELOPMENT_TEAM = 2M47D56S58;
				INFOPLIST_FILE = Animation/Info.plist;
				LD_RUNPATH_SEARCH_PATHS = "$(inherited) @executable_path/Frameworks";
				PRODUCT_BUNDLE_IDENTIFIER = info.anodsplace.Animation;
				PRODUCT_NAME = "$(TARGET_NAME)";
				SWIFT_VERSION = 4.0;
				TARGETED_DEVICE_FAMILY = "1,2";
			};
			name = Debug;
		};
		98EA0BA21FF14C2500A553C7 /* Release */ = {
			isa = XCBuildConfiguration;
			buildSettings = {
				ASSETCATALOG_COMPILER_APPICON_NAME = AppIcon;
				CODE_SIGN_STYLE = Automatic;
				DEVELOPMENT_TEAM = 2M47D56S58;
				INFOPLIST_FILE = Animation/Info.plist;
				LD_RUNPATH_SEARCH_PATHS = "$(inherited) @executable_path/Frameworks";
				PRODUCT_BUNDLE_IDENTIFIER = info.anodsplace.Animation;
				PRODUCT_NAME = "$(TARGET_NAME)";
				SWIFT_VERSION = 4.0;
				TARGETED_DEVICE_FAMILY = "1,2";
			};
			name = Release;
		};
/* End XCBuildConfiguration section */

/* Begin XCConfigurationList section */
		98EA0B891FF14C2500A553C7 /* Build configuration list for PBXProject "Animation" */ = {
			isa = XCConfigurationList;
			buildConfigurations = (
				98EA0B9E1FF14C2500A553C7 /* Debug */,
				98EA0B9F1FF14C2500A553C7 /* Release */,
			);
			defaultConfigurationIsVisible = 0;
			defaultConfigurationName = Release;
		};
		98EA0BA01FF14C2500A553C7 /* Build configuration list for PBXNativeTarget "Animation" */ = {
			isa = XCConfigurationList;
			buildConfigurations = (
				98EA0BA11FF14C2500A553C7 /* Debug */,
				98EA0BA21FF14C2500A553C7 /* Release */,
			);
			defaultConfigurationIsVisible = 0;
			defaultConfigurationName = Release;
		};
/* End XCConfigurationList section */
	};
	rootObject = 98EA0B861FF14C2500A553C7 /* Project object */;
}
